// !$*UTF8*$!
{
	archiveVersion = 1;
	classes = {
	};
	objectVersion = 56;
	objects = {

/* Begin PBXBuildFile section */
		08052EBE2B4F468A00ACDD70 /* HeroLore.swift in Sources */ = {isa = PBXBuildFile; fileRef = 08052EBD2B4F468A00ACDD70 /* HeroLore.swift */; };
		0840109A2B56FA2A00D32ABB /* Kingfisher in Frameworks */ = {isa = PBXBuildFile; productRef = 084010992B56FA2A00D32ABB /* Kingfisher */; };
		086B64802B4F3A6100E05A81 /* HeroDetailView.swift in Sources */ = {isa = PBXBuildFile; fileRef = 086B647F2B4F3A6100E05A81 /* HeroDetailView.swift */; };
		0885126D2B45E39600F5E6E6 /* GameGuideApp.swift in Sources */ = {isa = PBXBuildFile; fileRef = 0885126C2B45E39600F5E6E6 /* GameGuideApp.swift */; };
		088512712B45E39800F5E6E6 /* Assets.xcassets in Resources */ = {isa = PBXBuildFile; fileRef = 088512702B45E39800F5E6E6 /* Assets.xcassets */; };
		088512742B45E39800F5E6E6 /* Preview Assets.xcassets in Resources */ = {isa = PBXBuildFile; fileRef = 088512732B45E39800F5E6E6 /* Preview Assets.xcassets */; };
		0885127B2B45E3AC00F5E6E6 /* HomeView.swift in Sources */ = {isa = PBXBuildFile; fileRef = 0885127A2B45E3AC00F5E6E6 /* HomeView.swift */; };
		0885127E2B45E41F00F5E6E6 /* HeroModel.swift in Sources */ = {isa = PBXBuildFile; fileRef = 0885127D2B45E41F00F5E6E6 /* HeroModel.swift */; };
		088512802B45E42B00F5E6E6 /* ItemModel.swift in Sources */ = {isa = PBXBuildFile; fileRef = 0885127F2B45E42B00F5E6E6 /* ItemModel.swift */; };
		088512832B45E45400F5E6E6 /* Endpoints.swift in Sources */ = {isa = PBXBuildFile; fileRef = 088512822B45E45400F5E6E6 /* Endpoints.swift */; };
		088512852B45E46400F5E6E6 /* HeroViewModel.swift in Sources */ = {isa = PBXBuildFile; fileRef = 088512842B45E46400F5E6E6 /* HeroViewModel.swift */; };
		08C26CD42B49F1720065E5A2 /* heroes.json in Resources */ = {isa = PBXBuildFile; fileRef = 08C26CD32B49F1720065E5A2 /* heroes.json */; };
		08C26CDA2B49F31C0065E5A2 /* HeroCellView.swift in Sources */ = {isa = PBXBuildFile; fileRef = 08C26CD92B49F31C0065E5A2 /* HeroCellView.swift */; };
/* End PBXBuildFile section */

/* Begin PBXFileReference section */
		08052EBD2B4F468A00ACDD70 /* HeroLore.swift */ = {isa = PBXFileReference; lastKnownFileType = sourcecode.swift; path = HeroLore.swift; sourceTree = "<group>"; };
		086B647F2B4F3A6100E05A81 /* HeroDetailView.swift */ = {isa = PBXFileReference; lastKnownFileType = sourcecode.swift; path = HeroDetailView.swift; sourceTree = "<group>"; };
		088512692B45E39600F5E6E6 /* GameGuide.app */ = {isa = PBXFileReference; explicitFileType = wrapper.application; includeInIndex = 0; path = GameGuide.app; sourceTree = BUILT_PRODUCTS_DIR; };
		0885126C2B45E39600F5E6E6 /* GameGuideApp.swift */ = {isa = PBXFileReference; lastKnownFileType = sourcecode.swift; path = GameGuideApp.swift; sourceTree = "<group>"; };
		088512702B45E39800F5E6E6 /* Assets.xcassets */ = {isa = PBXFileReference; lastKnownFileType = folder.assetcatalog; path = Assets.xcassets; sourceTree = "<group>"; };
		088512732B45E39800F5E6E6 /* Preview Assets.xcassets */ = {isa = PBXFileReference; lastKnownFileType = folder.assetcatalog; path = "Preview Assets.xcassets"; sourceTree = "<group>"; };
		0885127A2B45E3AC00F5E6E6 /* HomeView.swift */ = {isa = PBXFileReference; lastKnownFileType = sourcecode.swift; path = HomeView.swift; sourceTree = "<group>"; };
		0885127D2B45E41F00F5E6E6 /* HeroModel.swift */ = {isa = PBXFileReference; lastKnownFileType = sourcecode.swift; path = HeroModel.swift; sourceTree = "<group>"; };
		0885127F2B45E42B00F5E6E6 /* ItemModel.swift */ = {isa = PBXFileReference; lastKnownFileType = sourcecode.swift; path = ItemModel.swift; sourceTree = "<group>"; };
		088512822B45E45400F5E6E6 /* Endpoints.swift */ = {isa = PBXFileReference; lastKnownFileType = sourcecode.swift; path = Endpoints.swift; sourceTree = "<group>"; };
		088512842B45E46400F5E6E6 /* HeroViewModel.swift */ = {isa = PBXFileReference; lastKnownFileType = sourcecode.swift; path = HeroViewModel.swift; sourceTree = "<group>"; };
		08C26CD32B49F1720065E5A2 /* heroes.json */ = {isa = PBXFileReference; fileEncoding = 4; lastKnownFileType = text.json; path = heroes.json; sourceTree = "<group>"; };
		08C26CD92B49F31C0065E5A2 /* HeroCellView.swift */ = {isa = PBXFileReference; lastKnownFileType = sourcecode.swift; path = HeroCellView.swift; sourceTree = "<group>"; };
/* End PBXFileReference section */

/* Begin PBXFrameworksBuildPhase section */
		088512662B45E39600F5E6E6 /* Frameworks */ = {
			isa = PBXFrameworksBuildPhase;
			buildActionMask = 2147483647;
			files = (
				0840109A2B56FA2A00D32ABB /* Kingfisher in Frameworks */,
			);
			runOnlyForDeploymentPostprocessing = 0;
		};
/* End PBXFrameworksBuildPhase section */

/* Begin PBXGroup section */
		088512602B45E39600F5E6E6 = {
			isa = PBXGroup;
			children = (
				088512702B45E39800F5E6E6 /* Assets.xcassets */,
				088512732B45E39800F5E6E6 /* Preview Assets.xcassets */,
				0885126C2B45E39600F5E6E6 /* GameGuideApp.swift */,
				08C26CD32B49F1720065E5A2 /* heroes.json */,
				0885126B2B45E39600F5E6E6 /* GameGuide */,
				0885127C2B45E40300F5E6E6 /* Models */,
				088512812B45E44000F5E6E6 /* Networking */,
				088512862B45E46C00F5E6E6 /* Views */,
				0885126A2B45E39600F5E6E6 /* Products */,
			);
			sourceTree = "<group>";
		};
		0885126A2B45E39600F5E6E6 /* Products */ = {
			isa = PBXGroup;
			children = (
				088512692B45E39600F5E6E6 /* GameGuide.app */,
			);
			name = Products;
			sourceTree = "<group>";
		};
		0885126B2B45E39600F5E6E6 /* GameGuide */ = {
			isa = PBXGroup;
			children = (
				088512722B45E39800F5E6E6 /* Preview Content */,
			);
			path = GameGuide;
			sourceTree = "<group>";
		};
		088512722B45E39800F5E6E6 /* Preview Content */ = {
			isa = PBXGroup;
			children = (
			);
			path = "Preview Content";
			sourceTree = "<group>";
		};
		0885127C2B45E40300F5E6E6 /* Models */ = {
			isa = PBXGroup;
			children = (
				0885127D2B45E41F00F5E6E6 /* HeroModel.swift */,
				0885127F2B45E42B00F5E6E6 /* ItemModel.swift */,
			);
			path = Models;
			sourceTree = "<group>";
		};
		088512812B45E44000F5E6E6 /* Networking */ = {
			isa = PBXGroup;
			children = (
				088512822B45E45400F5E6E6 /* Endpoints.swift */,
				088512842B45E46400F5E6E6 /* HeroViewModel.swift */,
				08052EBD2B4F468A00ACDD70 /* HeroLore.swift */,
			);
			path = Networking;
			sourceTree = "<group>";
		};
		088512862B45E46C00F5E6E6 /* Views */ = {
			isa = PBXGroup;
			children = (
				0885127A2B45E3AC00F5E6E6 /* HomeView.swift */,
				08C26CD92B49F31C0065E5A2 /* HeroCellView.swift */,
				086B647F2B4F3A6100E05A81 /* HeroDetailView.swift */,
			);
			path = Views;
			sourceTree = "<group>";
		};
/* End PBXGroup section */

/* Begin PBXNativeTarget section */
		088512682B45E39600F5E6E6 /* GameGuide */ = {
			isa = PBXNativeTarget;
			buildConfigurationList = 088512772B45E39800F5E6E6 /* Build configuration list for PBXNativeTarget "GameGuide" */;
			buildPhases = (
				088512652B45E39600F5E6E6 /* Sources */,
				088512662B45E39600F5E6E6 /* Frameworks */,
				088512672B45E39600F5E6E6 /* Resources */,
			);
			buildRules = (
			);
			dependencies = (
			);
			name = GameGuide;
			packageProductDependencies = (
				084010992B56FA2A00D32ABB /* Kingfisher */,
			);
			productName = GameGuide;
			productReference = 088512692B45E39600F5E6E6 /* GameGuide.app */;
			productType = "com.apple.product-type.application";
		};
/* End PBXNativeTarget section */

/* Begin PBXProject section */
		088512612B45E39600F5E6E6 /* Project object */ = {
			isa = PBXProject;
			attributes = {
				BuildIndependentTargetsInParallel = 1;
				LastSwiftUpdateCheck = 1430;
				LastUpgradeCheck = 1430;
				TargetAttributes = {
					088512682B45E39600F5E6E6 = {
						CreatedOnToolsVersion = 14.3.1;
					};
				};
			};
			buildConfigurationList = 088512642B45E39600F5E6E6 /* Build configuration list for PBXProject "GameGuide" */;
			compatibilityVersion = "Xcode 14.0";
			developmentRegion = en;
			hasScannedForEncodings = 0;
			knownRegions = (
				en,
				Base,
			);
			mainGroup = 088512602B45E39600F5E6E6;
			packageReferences = (
				084010982B56FA2A00D32ABB /* XCRemoteSwiftPackageReference "Kingfisher" */,
			);
			productRefGroup = 0885126A2B45E39600F5E6E6 /* Products */;
			projectDirPath = "";
			projectRoot = "";
			targets = (
				088512682B45E39600F5E6E6 /* GameGuide */,
			);
		};
/* End PBXProject section */

/* Begin PBXResourcesBuildPhase section */
		088512672B45E39600F5E6E6 /* Resources */ = {
			isa = PBXResourcesBuildPhase;
			buildActionMask = 2147483647;
			files = (
				08C26CD42B49F1720065E5A2 /* heroes.json in Resources */,
				088512742B45E39800F5E6E6 /* Preview Assets.xcassets in Resources */,
				088512712B45E39800F5E6E6 /* Assets.xcassets in Resources */,
			);
			runOnlyForDeploymentPostprocessing = 0;
		};
/* End PBXResourcesBuildPhase section */

/* Begin PBXSourcesBuildPhase section */
		088512652B45E39600F5E6E6 /* Sources */ = {
			isa = PBXSourcesBuildPhase;
			buildActionMask = 2147483647;
			files = (
				08052EBE2B4F468A00ACDD70 /* HeroLore.swift in Sources */,
				088512802B45E42B00F5E6E6 /* ItemModel.swift in Sources */,
				088512852B45E46400F5E6E6 /* HeroViewModel.swift in Sources */,
				0885127B2B45E3AC00F5E6E6 /* HomeView.swift in Sources */,
				086B64802B4F3A6100E05A81 /* HeroDetailView.swift in Sources */,
				0885127E2B45E41F00F5E6E6 /* HeroModel.swift in Sources */,
				088512832B45E45400F5E6E6 /* Endpoints.swift in Sources */,
				0885126D2B45E39600F5E6E6 /* GameGuideApp.swift in Sources */,
				08C26CDA2B49F31C0065E5A2 /* HeroCellView.swift in Sources */,
			);
			runOnlyForDeploymentPostprocessing = 0;
		};
/* End PBXSourcesBuildPhase section */

/* Begin XCBuildConfiguration section */
		088512752B45E39800F5E6E6 /* Debug */ = {
			isa = XCBuildConfiguration;
			buildSettings = {
				ALWAYS_SEARCH_USER_PATHS = NO;
				CLANG_ANALYZER_NONNULL = YES;
				CLANG_ANALYZER_NUMBER_OBJECT_CONVERSION = YES_AGGRESSIVE;
				CLANG_CXX_LANGUAGE_STANDARD = "gnu++20";
				CLANG_ENABLE_MODULES = YES;
				CLANG_ENABLE_OBJC_ARC = YES;
				CLANG_ENABLE_OBJC_WEAK = YES;
				CLANG_WARN_BLOCK_CAPTURE_AUTORELEASING = YES;
				CLANG_WARN_BOOL_CONVERSION = YES;
				CLANG_WARN_COMMA = YES;
				CLANG_WARN_CONSTANT_CONVERSION = YES;
				CLANG_WARN_DEPRECATED_OBJC_IMPLEMENTATIONS = YES;
				CLANG_WARN_DIRECT_OBJC_ISA_USAGE = YES_ERROR;
				CLANG_WARN_DOCUMENTATION_COMMENTS = YES;
				CLANG_WARN_EMPTY_BODY = YES;
				CLANG_WARN_ENUM_CONVERSION = YES;
				CLANG_WARN_INFINITE_RECURSION = YES;
				CLANG_WARN_INT_CONVERSION = YES;
				CLANG_WARN_NON_LITERAL_NULL_CONVERSION = YES;
				CLANG_WARN_OBJC_IMPLICIT_RETAIN_SELF = YES;
				CLANG_WARN_OBJC_LITERAL_CONVERSION = YES;
				CLANG_WARN_OBJC_ROOT_CLASS = YES_ERROR;
				CLANG_WARN_QUOTED_INCLUDE_IN_FRAMEWORK_HEADER = YES;
				CLANG_WARN_RANGE_LOOP_ANALYSIS = YES;
				CLANG_WARN_STRICT_PROTOTYPES = YES;
				CLANG_WARN_SUSPICIOUS_MOVE = YES;
				CLANG_WARN_UNGUARDED_AVAILABILITY = YES_AGGRESSIVE;
				CLANG_WARN_UNREACHABLE_CODE = YES;
				CLANG_WARN__DUPLICATE_METHOD_MATCH = YES;
				COPY_PHASE_STRIP = NO;
				DEBUG_INFORMATION_FORMAT = dwarf;
				ENABLE_STRICT_OBJC_MSGSEND = YES;
				ENABLE_TESTABILITY = YES;
				GCC_C_LANGUAGE_STANDARD = gnu11;
				GCC_DYNAMIC_NO_PIC = NO;
				GCC_NO_COMMON_BLOCKS = YES;
				GCC_OPTIMIZATION_LEVEL = 0;
				GCC_PREPROCESSOR_DEFINITIONS = (
					"DEBUG=1",
					"$(inherited)",
				);
				GCC_WARN_64_TO_32_BIT_CONVERSION = YES;
				GCC_WARN_ABOUT_RETURN_TYPE = YES_ERROR;
				GCC_WARN_UNDECLARED_SELECTOR = YES;
				GCC_WARN_UNINITIALIZED_AUTOS = YES_AGGRESSIVE;
				GCC_WARN_UNUSED_FUNCTION = YES;
				GCC_WARN_UNUSED_VARIABLE = YES;
				IPHONEOS_DEPLOYMENT_TARGET = 16.4;
				MTL_ENABLE_DEBUG_INFO = INCLUDE_SOURCE;
				MTL_FAST_MATH = YES;
				ONLY_ACTIVE_ARCH = YES;
				SDKROOT = iphoneos;
				SWIFT_ACTIVE_COMPILATION_CONDITIONS = DEBUG;
				SWIFT_OPTIMIZATION_LEVEL = "-Onone";
			};
			name = Debug;
		};
		088512762B45E39800F5E6E6 /* Release */ = {
			isa = XCBuildConfiguration;
			buildSettings = {
				ALWAYS_SEARCH_USER_PATHS = NO;
				CLANG_ANALYZER_NONNULL = YES;
				CLANG_ANALYZER_NUMBER_OBJECT_CONVERSION = YES_AGGRESSIVE;
				CLANG_CXX_LANGUAGE_STANDARD = "gnu++20";
				CLANG_ENABLE_MODULES = YES;
				CLANG_ENABLE_OBJC_ARC = YES;
				CLANG_ENABLE_OBJC_WEAK = YES;
				CLANG_WARN_BLOCK_CAPTURE_AUTORELEASING = YES;
				CLANG_WARN_BOOL_CONVERSION = YES;
				CLANG_WARN_COMMA = YES;
				CLANG_WARN_CONSTANT_CONVERSION = YES;
				CLANG_WARN_DEPRECATED_OBJC_IMPLEMENTATIONS = YES;
				CLANG_WARN_DIRECT_OBJC_ISA_USAGE = YES_ERROR;
				CLANG_WARN_DOCUMENTATION_COMMENTS = YES;
				CLANG_WARN_EMPTY_BODY = YES;
				CLANG_WARN_ENUM_CONVERSION = YES;
				CLANG_WARN_INFINITE_RECURSION = YES;
				CLANG_WARN_INT_CONVERSION = YES;
				CLANG_WARN_NON_LITERAL_NULL_CONVERSION = YES;
				CLANG_WARN_OBJC_IMPLICIT_RETAIN_SELF = YES;
				CLANG_WARN_OBJC_LITERAL_CONVERSION = YES;
				CLANG_WARN_OBJC_ROOT_CLASS = YES_ERROR;
				CLANG_WARN_QUOTED_INCLUDE_IN_FRAMEWORK_HEADER = YES;
				CLANG_WARN_RANGE_LOOP_ANALYSIS = YES;
				CLANG_WARN_STRICT_PROTOTYPES = YES;
				CLANG_WARN_SUSPICIOUS_MOVE = YES;
				CLANG_WARN_UNGUARDED_AVAILABILITY = YES_AGGRESSIVE;
				CLANG_WARN_UNREACHABLE_CODE = YES;
				CLANG_WARN__DUPLICATE_METHOD_MATCH = YES;
				COPY_PHASE_STRIP = NO;
				DEBUG_INFORMATION_FORMAT = "dwarf-with-dsym";
				ENABLE_NS_ASSERTIONS = NO;
				ENABLE_STRICT_OBJC_MSGSEND = YES;
				GCC_C_LANGUAGE_STANDARD = gnu11;
				GCC_NO_COMMON_BLOCKS = YES;
				GCC_WARN_64_TO_32_BIT_CONVERSION = YES;
				GCC_WARN_ABOUT_RETURN_TYPE = YES_ERROR;
				GCC_WARN_UNDECLARED_SELECTOR = YES;
				GCC_WARN_UNINITIALIZED_AUTOS = YES_AGGRESSIVE;
				GCC_WARN_UNUSED_FUNCTION = YES;
				GCC_WARN_UNUSED_VARIABLE = YES;
				IPHONEOS_DEPLOYMENT_TARGET = 16.4;
				MTL_ENABLE_DEBUG_INFO = NO;
				MTL_FAST_MATH = YES;
				SDKROOT = iphoneos;
				SWIFT_COMPILATION_MODE = wholemodule;
				SWIFT_OPTIMIZATION_LEVEL = "-O";
				VALIDATE_PRODUCT = YES;
			};
			name = Release;
		};
		088512782B45E39800F5E6E6 /* Debug */ = {
			isa = XCBuildConfiguration;
			buildSettings = {
				ASSETCATALOG_COMPILER_APPICON_NAME = AppIcon;
				ASSETCATALOG_COMPILER_GLOBAL_ACCENT_COLOR_NAME = AccentColor;
				CODE_SIGN_STYLE = Automatic;
				CURRENT_PROJECT_VERSION = 1;
				DEVELOPMENT_ASSET_PATHS = "\"GameGuide/Preview Content\"";
				DEVELOPMENT_TEAM = S98769RWBA;
				ENABLE_PREVIEWS = YES;
				GENERATE_INFOPLIST_FILE = YES;
				INFOPLIST_KEY_UIApplicationSceneManifest_Generation = YES;
				INFOPLIST_KEY_UIApplicationSupportsIndirectInputEvents = YES;
				INFOPLIST_KEY_UILaunchScreen_Generation = YES;
				INFOPLIST_KEY_UISupportedInterfaceOrientations = UIInterfaceOrientationPortrait;
				INFOPLIST_KEY_UISupportedInterfaceOrientations_iPad = "UIInterfaceOrientationLandscapeLeft UIInterfaceOrientationLandscapeRight UIInterfaceOrientationPortrait UIInterfaceOrientationPortraitUpsideDown";
				LD_RUNPATH_SEARCH_PATHS = (
					"$(inherited)",
					"@executable_path/Frameworks",
				);
				MARKETING_VERSION = 1.0;
				PRODUCT_BUNDLE_IDENTIFIER = ivanjko.GameGuide;
				PRODUCT_NAME = "$(TARGET_NAME)";
				SUPPORTED_PLATFORMS = "iphoneos iphonesimulator";
				SUPPORTS_MACCATALYST = NO;
				SUPPORTS_MAC_DESIGNED_FOR_IPHONE_IPAD = YES;
				SWIFT_EMIT_LOC_STRINGS = YES;
				SWIFT_VERSION = 5.0;
				TARGETED_DEVICE_FAMILY = 1;
			};
			name = Debug;
		};
		088512792B45E39800F5E6E6 /* Release */ = {
			isa = XCBuildConfiguration;
			buildSettings = {
				ASSETCATALOG_COMPILER_APPICON_NAME = AppIcon;
				ASSETCATALOG_COMPILER_GLOBAL_ACCENT_COLOR_NAME = AccentColor;
				CODE_SIGN_STYLE = Automatic;
				CURRENT_PROJECT_VERSION = 1;
				DEVELOPMENT_ASSET_PATHS = "\"GameGuide/Preview Content\"";
				DEVELOPMENT_TEAM = S98769RWBA;
				ENABLE_PREVIEWS = YES;
				GENERATE_INFOPLIST_FILE = YES;
				INFOPLIST_KEY_UIApplicationSceneManifest_Generation = YES;
				INFOPLIST_KEY_UIApplicationSupportsIndirectInputEvents = YES;
				INFOPLIST_KEY_UILaunchScreen_Generation = YES;
				INFOPLIST_KEY_UISupportedInterfaceOrientations = UIInterfaceOrientationPortrait;
				INFOPLIST_KEY_UISupportedInterfaceOrientations_iPad = "UIInterfaceOrientationLandscapeLeft UIInterfaceOrientationLandscapeRight UIInterfaceOrientationPortrait UIInterfaceOrientationPortraitUpsideDown";
				LD_RUNPATH_SEARCH_PATHS = (
					"$(inherited)",
					"@executable_path/Frameworks",
				);
				MARKETING_VERSION = 1.0;
				PRODUCT_BUNDLE_IDENTIFIER = ivanjko.GameGuide;
				PRODUCT_NAME = "$(TARGET_NAME)";
				SUPPORTED_PLATFORMS = "iphoneos iphonesimulator";
				SUPPORTS_MACCATALYST = NO;
				SUPPORTS_MAC_DESIGNED_FOR_IPHONE_IPAD = YES;
				SWIFT_EMIT_LOC_STRINGS = YES;
				SWIFT_VERSION = 5.0;
				TARGETED_DEVICE_FAMILY = 1;
			};
			name = Release;
		};
/* End XCBuildConfiguration section */

/* Begin XCConfigurationList section */
		088512642B45E39600F5E6E6 /* Build configuration list for PBXProject "GameGuide" */ = {
			isa = XCConfigurationList;
			buildConfigurations = (
				088512752B45E39800F5E6E6 /* Debug */,
				088512762B45E39800F5E6E6 /* Release */,
			);
			defaultConfigurationIsVisible = 0;
			defaultConfigurationName = Release;
		};
		088512772B45E39800F5E6E6 /* Build configuration list for PBXNativeTarget "GameGuide" */ = {
			isa = XCConfigurationList;
			buildConfigurations = (
				088512782B45E39800F5E6E6 /* Debug */,
				088512792B45E39800F5E6E6 /* Release */,
			);
			defaultConfigurationIsVisible = 0;
			defaultConfigurationName = Release;
		};
/* End XCConfigurationList section */

/* Begin XCRemoteSwiftPackageReference section */
		084010982B56FA2A00D32ABB /* XCRemoteSwiftPackageReference "Kingfisher" */ = {
			isa = XCRemoteSwiftPackageReference;
			repositoryURL = "https://github.com/onevcat/Kingfisher.git";
			requirement = {
				kind = upToNextMajorVersion;
				minimumVersion = 7.0.0;
			};
		};
/* End XCRemoteSwiftPackageReference section */

/* Begin XCSwiftPackageProductDependency section */
		084010992B56FA2A00D32ABB /* Kingfisher */ = {
			isa = XCSwiftPackageProductDependency;
			package = 084010982B56FA2A00D32ABB /* XCRemoteSwiftPackageReference "Kingfisher" */;
			productName = Kingfisher;
		};
/* End XCSwiftPackageProductDependency section */
	};
	rootObject = 088512612B45E39600F5E6E6 /* Project object */;
}
